dependencies:
  espressif/esp-dsp:
    component_hash: 3e7bbd487f1357a1d4944d0c85966d049501ea281b8a4c7f93f7cfedd5b7f23d
    dependencies:
    - name: idf
      require: private
      version: '>=4.2'
    source:
      registry_url: https://components.espressif.com/
      type: service
    version: 1.4.12
  espressif/jsmn:
    component_hash: d80350c41bbaa827c98a25b6072df00884e72f54885996fab4a4f0aebce6b6c3
    dependencies:
    - name: idf
      require: private
      version: '>=4.3'
    source:
      registry_url: https://components.espressif.com/
      type: service
    version: 1.1.0
  espressif/nghttp:
    component_hash: c52b83cc3d1083ae669751534ea4f7445974b86d91d49a5273bdb0fbf87f34d6
    dependencies:
    - name: idf
      require: private
      version: '>=5.0'
    source:
      registry_url: https://components.espressif.com/
      type: service
    version: 1.62.1
  idf:
    source:
      type: idf
    version: 5.2.3
direct_dependencies:
- espressif/esp-dsp
- espressif/jsmn
- espressif/nghttp
- idf
manifest_hash: 0ee4b6c11c23a64f486dab1e04c3f8abb1bb857b41d875bc46b1666ee0171a4a
target: esp32s3
version: 2.0.0
